
Microsoft Visual Studio Solution File, Format Version 12.00
# Visual Studio Version 16
VisualStudioVersion = 16.0.31424.327
MinimumVisualStudioVersion = 10.0.40219.1
Project("{9A19103F-16F7-4668-BE54-9A1E7A4F7556}") = "etl", "etl.csproj", "{1CE83D61-C543-418C-A210-25178D2E56CE}"
EndProject
Global
	GlobalSection(SolutionConfigurationPlatforms) = preSolution
		Debug|Any CPU = Debug|Any CPU
		Release|Any CPU = Release|Any CPU
	EndGlobalSection
	GlobalSection(ProjectConfigurationPlatforms) = postSolution
		{1CE83D61-C543-418C-A210-25178D2E56CE}.Debug|Any CPU.ActiveCfg = Debug|Any CPU
		{1CE83D61-C543-418C-A210-25178D2E56CE}.Debug|Any CPU.Build.0 = Debug|Any CPU
		{1CE83D61-C543-418C-A210-25178D2E56CE}.Release|Any CPU.ActiveCfg = Release|Any CPU
		{1CE83D61-C543-418C-A210-25178D2E56CE}.Release|Any CPU.Build.0 = Release|Any CPU
	EndGlobalSection
	GlobalSection(SolutionProperties) = preSolution
		HideSolutionNode = FALSE
	EndGlobalSection
	GlobalSection(ExtensibilityGlobals) = postSolution
		SolutionGuid = {206CCD88-B7B7-4E17-B807-7462A4D2279D}
	EndGlobalSection
EndGlobal
